
Microsoft Visual Studio Solution File, Format Version 12.00
# Visual Studio Version 16
VisualStudioVersion = 16.0.29509.3
MinimumVisualStudioVersion = 10.0.40219.1
Project("{FAE04EC0-301F-11D3-BF4B-00C04F79EFBC}") = "BookListRazor", "BookListRazor\BookListRazor.csproj", "{490A063B-2B67-431F-9E2D-1CD292EBD530}"
EndProject
Global
	GlobalSection(SolutionConfigurationPlatforms) = preSolution
		Debug|Any CPU = Debug|Any CPU
		Release|Any CPU = Release|Any CPU
	EndGlobalSection
	GlobalSection(ProjectConfigurationPlatforms) = postSolution
		{490A063B-2B67-431F-9E2D-1CD292EBD530}.Debug|Any CPU.ActiveCfg = Debug|Any CPU
		{490A063B-2B67-431F-9E2D-1CD292EBD530}.Debug|Any CPU.Build.0 = Debug|Any CPU
		{490A063B-2B67-431F-9E2D-1CD292EBD530}.Release|Any CPU.ActiveCfg = Release|Any CPU
		{490A063B-2B67-431F-9E2D-1CD292EBD530}.Release|Any CPU.Build.0 = Release|Any CPU
	EndGlobalSection
	GlobalSection(SolutionProperties) = preSolution
		HideSolutionNode = FALSE
	EndGlobalSection
	GlobalSection(ExtensibilityGlobals) = postSolution
		SolutionGuid = {34F63707-EB47-4338-B8BF-CD6A04832AF9}
	EndGlobalSection
EndGlobal
